<?xml version="1.0" encoding="utf-8"?>
<Project ToolsVersion="4.0" xmlns="http://schemas.microsoft.com/developer/msbuild/2003">
  <ItemGroup>
    <Filter Include="Windows">
      <UniqueIdentifier>{d791a52d-234e-4331-8c7e-668801eb994f}</UniqueIdentifier>
    </Filter>
    <Filter Include="Vendors">
      <UniqueIdentifier>{7d897fc4-719f-4ab5-8ef2-7c7dd38981b3}</UniqueIdentifier>
    </Filter>
    <Filter Include="Vendors\imGui">
      <UniqueIdentifier>{f7b4fc0a-f65c-4bc2-aa76-5eb4e0bd6f5e}</UniqueIdentifier>
    </Filter>
    <Filter Include="Shaders">
      <UniqueIdentifier>{66ff23d4-d291-40d3-83c8-3cbd447edd77}</UniqueIdentifier>
    </Filter>
    <Filter Include="API">
      <UniqueIdentifier>{1fdef873-5349-4a96-a575-f663f17169ff}</UniqueIdentifier>
    </Filter>
    <Filter Include="API\OpenGL">
      <UniqueIdentifier>{bf704ddf-df80-4804-aab2-cd5333823268}</UniqueIdentifier>
    </Filter>
    <Filter Include="Scene">
      <UniqueIdentifier>{06165439-3120-44af-9a96-343c374e0b13}</UniqueIdentifier>
    </Filter>
    <Filter Include="NatureLab">
      <UniqueIdentifier>{1bf9d3d7-cc42-4839-aae6-18ad399ef2bb}</UniqueIdentifier>
    </Filter>
    <Filter Include="Util">
      <UniqueIdentifier>{8f999e7b-5bfb-4306-b626-0c04ad5e546b}</UniqueIdentifier>
    </Filter>
    <Filter Include="Windows\Descriptions">
      <UniqueIdentifier>{9ce3882c-e187-4e2e-929f-c3fc51eff1e6}</UniqueIdentifier>
    </Filter>
    <Filter Include="Windows\Controls">
      <UniqueIdentifier>{d1247a48-4181-4837-91a6-5e995b12ea88}</UniqueIdentifier>
    </Filter>
  </ItemGroup>
  <ItemGroup>
    <ClCompile Include="imgui.cpp">
      <Filter>Vendors\imGui</Filter>
    </ClCompile>
    <ClCompile Include="imgui_demo.cpp">
      <Filter>Vendors\imGui</Filter>
    </ClCompile>
    <ClCompile Include="imgui_draw.cpp">
      <Filter>Vendors\imGui</Filter>
    </ClCompile>
    <ClCompile Include="imgui_impl_glfw.cpp">
      <Filter>Vendors\imGui</Filter>
    </ClCompile>
    <ClCompile Include="imgui_impl_opengl3.cpp">
      <Filter>Vendors\imGui</Filter>
    </ClCompile>
    <ClCompile Include="imgui_widgets.cpp">
      <Filter>Vendors\imGui</Filter>
    </ClCompile>
    <ClCompile Include="SceneAssets.cpp">
      <Filter>Scene</Filter>
    </ClCompile>
    <ClCompile Include="Shader.cpp">
      <Filter>Util</Filter>
    </ClCompile>
    <ClCompile Include="Texture2D.cpp">
      <Filter>Util</Filter>
    </ClCompile>
    <ClCompile Include="Source.cpp" />
  </ItemGroup>
  <ItemGroup>
    <ClInclude Include="imconfig.h">
      <Filter>Vendors\imGui</Filter>
    </ClInclude>
    <ClInclude Include="imgui.h">
      <Filter>Vendors\imGui</Filter>
    </ClInclude>
    <ClInclude Include="imgui_impl_glfw.h">
      <Filter>Vendors\imGui</Filter>
    </ClInclude>
    <ClInclude Include="imgui_impl_opengl3.h">
      <Filter>Vendors\imGui</Filter>
    </ClInclude>
    <ClInclude Include="imgui_internal.h">
      <Filter>Vendors\imGui</Filter>
    </ClInclude>
    <ClInclude Include="imstb_rectpack.h">
      <Filter>Vendors\imGui</Filter>
    </ClInclude>
    <ClInclude Include="imstb_textedit.h">
      <Filter>Vendors\imGui</Filter>
    </ClInclude>
    <ClInclude Include="imstb_truetype.h">
      <Filter>Vendors\imGui</Filter>
    </ClInclude>
    <ClInclude Include="IWindow.h">
      <Filter>Windows</Filter>
    </ClInclude>
    <ClInclude Include="SettingWindow.h">
      <Filter>Windows</Filter>
    </ClInclude>
    <ClInclude Include="GLFrameBuffer.h">
      <Filter>API\OpenGL</Filter>
    </ClInclude>
    <ClInclude Include="WindowController.h">
      <Filter>Windows</Filter>
    </ClInclude>
    <ClInclude Include="Scene.h">
      <Filter>Scene</Filter>
    </ClInclude>
    <ClInclude Include="INature.h">
      <Filter>NatureLab</Filter>
    </ClInclude>
    <ClInclude Include="NatureController.h">
      <Filter>NatureLab</Filter>
    </ClInclude>
    <ClInclude Include="VectorV1Nature.h">
      <Filter>NatureLab</Filter>
    </ClInclude>
    <ClInclude Include="SceneAssets.h">
      <Filter>Scene</Filter>
    </ClInclude>
    <ClInclude Include="Sprite.h">
      <Filter>API\OpenGL</Filter>
    </ClInclude>
    <ClInclude Include="Shader.h">
      <Filter>Util</Filter>
    </ClInclude>
    <ClInclude Include="Texture2D.h">
      <Filter>Util</Filter>
    </ClInclude>
    <ClInclude Include="NatureLab.h" />
    <ClInclude Include="Line.h">
      <Filter>API\OpenGL</Filter>
    </ClInclude>
    <ClInclude Include="VectorV2Nature.h">
      <Filter>NatureLab</Filter>
    </ClInclude>
    <ClInclude Include="VectorV1WD.h">
      <Filter>Windows\Descriptions</Filter>
    </ClInclude>
    <ClInclude Include="VectorV2WD.h">
      <Filter>Windows\Descriptions</Filter>
    </ClInclude>
    <ClInclude Include="VectorV1Window.h">
      <Filter>Windows\Controls</Filter>
    </ClInclude>
    <ClInclude Include="VectorV2Window.h">
      <Filter>Windows\Controls</Filter>
    </ClInclude>
    <ClInclude Include="VectorV3Nature.h">
      <Filter>NatureLab</Filter>
    </ClInclude>
    <ClInclude Include="VectorV3Window.h">
      <Filter>Windows\Controls</Filter>
    </ClInclude>
    <ClInclude Include="VectorV3WD.h">
      <Filter>Windows\Descriptions</Filter>
    </ClInclude>
    <ClInclude Include="IMouseEventWindow.h">
      <Filter>Windows</Filter>
    </ClInclude>
    <ClInclude Include="ITimeEvent.h">
      <Filter>NatureLab</Filter>
    </ClInclude>
  </ItemGroup>
  <ItemGroup>
    <None Include="Assets\Shaders\sprite.vert">
      <Filter>Shaders</Filter>
    </None>
    <None Include="Assets\Shaders\sprite.frag">
      <Filter>Shaders</Filter>
    </None>
  </ItemGroup>
</Project>